{
 "graph_lock": {
  "nodes": {
   "0": {
    "ref": "Basilisk/2.2.1b0",
    "options": "allOptPkg=False\nautoKey=\nbuildProject=False\nclean=False\ngenerator=\nopNav=False\npathToExternalModules=/Users/julio/Desktop/basilisk/External\nvizInterface=False\nabseil:fPIC=True\nabseil:shared=False\nboost:addr2line_location=/usr/bin/addr2line\nboost:asio_no_deprecated=False\nboost:buildid=None\nboost:bzip2=True\nboost:debug_level=0\nboost:diagnostic_definitions=False\nboost:error_code_header_only=False\nboost:extra_b2_flags=None\nboost:fPIC=True\nboost:filesystem_no_deprecated=False\nboost:filesystem_use_std_fs=False\nboost:filesystem_version=None\nboost:header_only=False\nboost:i18n_backend=deprecated\nboost:layout=system\nboost:lzma=False\nboost:magic_autolink=False\nboost:multithreading=True\nboost:namespace=boost\nboost:namespace_alias=False\nboost:pch=True\nboost:python_executable=None\nboost:python_version=None\nboost:segmented_stacks=False\nboost:shared=False\nboost:system_no_deprecated=False\nboost:system_use_utf8=False\nboost:visibility=hidden\nboost:with_stacktrace_backtrace=True\nboost:without_atomic=False\nboost:without_chrono=False\nboost:without_container=False\nboost:without_context=False\nboost:without_contract=False\nboost:without_coroutine=False\nboost:without_date_time=False\nboost:without_exception=False\nboost:without_fiber=True\nboost:without_filesystem=False\nboost:without_graph=True\nboost:without_graph_parallel=True\nboost:without_iostreams=False\nboost:without_json=True\nboost:without_locale=True\nboost:without_log=False\nboost:without_math=True\nboost:without_mpi=True\nboost:without_nowide=True\nboost:without_program_options=False\nboost:without_python=True\nboost:without_random=False\nboost:without_regex=False\nboost:without_serialization=False\nboost:without_stacktrace=False\nboost:without_system=False\nboost:without_test=False\nboost:without_thread=False\nboost:without_timer=False\nboost:without_type_erasure=False\nboost:without_url=True\nboost:without_wave=True\nboost:zlib=True\nboost:zstd=False\nbzip2:build_executable=True\nbzip2:fPIC=True\nbzip2:shared=False\ncpuinfo:fPIC=True\ncpuinfo:log_level=default\ncpuinfo:shared=False\ndate:fPIC=True\ndate:header_only=False\ndate:shared=False\ndate:use_system_tz_db=False\ndate:use_tz_db_in_dot=False\neigen:MPL2_only=False\nflatbuffers:fPIC=True\nflatbuffers:header_only=False\nflatbuffers:shared=False\nlibbacktrace:fPIC=True\nlibbacktrace:shared=False\nlibcurl:fPIC=True\nlibcurl:shared=False\nlibcurl:with_brotli=False\nlibcurl:with_c_ares=False\nlibcurl:with_ca_bundle=auto\nlibcurl:with_ca_fallback=False\nlibcurl:with_ca_path=auto\nlibcurl:with_cookies=True\nlibcurl:with_crypto_auth=True\nlibcurl:with_dict=True\nlibcurl:with_docs=False\nlibcurl:with_file=True\nlibcurl:with_ftp=True\nlibcurl:with_gopher=True\nlibcurl:with_http=True\nlibcurl:with_imap=True\nlibcurl:with_ipv6=True\nlibcurl:with_largemaxwritesize=False\nlibcurl:with_ldap=False\nlibcurl:with_libgsasl=False\nlibcurl:with_libidn=False\nlibcurl:with_libpsl=False\nlibcurl:with_librtmp=False\nlibcurl:with_libssh2=False\nlibcurl:with_mqtt=True\nlibcurl:with_nghttp2=False\nlibcurl:with_ntlm=True\nlibcurl:with_ntlm_wb=True\nlibcurl:with_pop3=True\nlibcurl:with_proxy=True\nlibcurl:with_rtsp=True\nlibcurl:with_smb=True\nlibcurl:with_smtp=True\nlibcurl:with_ssl=darwinssl\nlibcurl:with_symbol_hiding=False\nlibcurl:with_telnet=True\nlibcurl:with_tftp=True\nlibcurl:with_threaded_resolver=True\nlibcurl:with_unix_sockets=True\nlibcurl:with_verbose_debug=True\nlibcurl:with_verbose_strings=True\nlibcurl:with_zlib=True\nlibcurl:with_zstd=False\nnsync:fPIC=True\nnsync:shared=False\nonnx:disable_static_registration=True\nonnx:fPIC=True\nonnx:shared=False\nonnxruntime:fPIC=True\nonnxruntime:shared=False\nonnxruntime:with_xnnpack=False\nprotobuf:debug_suffix=True\nprotobuf:fPIC=True\nprotobuf:lite=False\nprotobuf:shared=False\nprotobuf:with_rtti=True\nprotobuf:with_zlib=True\nre2:fPIC=True\nre2:shared=False\nre2:with_icu=False\nzlib:fPIC=True\nzlib:shared=False",
    "requires": [
     "1",
     "2"
    ],
    "path": "../../conanfile.py",
    "context": "host"
   },
   "1": {
    "ref": "eigen/3.4.0#2e192482a8acff96fe34766adca2b24c",
    "options": "MPL2_only=False",
    "package_id": "5ab84d6acfe1f23c4fae0ab88f26e3a396351ac9",
    "prev": "9d6f4a4fde6449a6bde138d645294eca",
    "context": "host"
   },
   "2": {
    "ref": "onnxruntime/1.16.2#b94c3abfa4e487d963ee90d612329915",
    "options": "fPIC=True\nshared=False\nwith_xnnpack=False\nabseil:fPIC=True\nabseil:shared=False\nboost:addr2line_location=/usr/bin/addr2line\nboost:asio_no_deprecated=False\nboost:buildid=None\nboost:bzip2=True\nboost:debug_level=0\nboost:diagnostic_definitions=False\nboost:error_code_header_only=False\nboost:extra_b2_flags=None\nboost:fPIC=True\nboost:filesystem_no_deprecated=False\nboost:filesystem_use_std_fs=False\nboost:filesystem_version=None\nboost:header_only=False\nboost:i18n_backend=deprecated\nboost:layout=system\nboost:lzma=False\nboost:magic_autolink=False\nboost:multithreading=True\nboost:namespace=boost\nboost:namespace_alias=False\nboost:pch=True\nboost:python_executable=None\nboost:python_version=None\nboost:segmented_stacks=False\nboost:shared=False\nboost:system_no_deprecated=False\nboost:system_use_utf8=False\nboost:visibility=hidden\nboost:with_stacktrace_backtrace=True\nboost:without_atomic=False\nboost:without_chrono=False\nboost:without_container=False\nboost:without_context=False\nboost:without_contract=False\nboost:without_coroutine=False\nboost:without_date_time=False\nboost:without_exception=False\nboost:without_fiber=True\nboost:without_filesystem=False\nboost:without_graph=True\nboost:without_graph_parallel=True\nboost:without_iostreams=False\nboost:without_json=True\nboost:without_locale=True\nboost:without_log=False\nboost:without_math=True\nboost:without_mpi=True\nboost:without_nowide=True\nboost:without_program_options=False\nboost:without_python=True\nboost:without_random=False\nboost:without_regex=False\nboost:without_serialization=False\nboost:without_stacktrace=False\nboost:without_system=False\nboost:without_test=False\nboost:without_thread=False\nboost:without_timer=False\nboost:without_type_erasure=False\nboost:without_url=True\nboost:without_wave=True\nboost:zlib=True\nboost:zstd=False\nbzip2:build_executable=True\nbzip2:fPIC=True\nbzip2:shared=False\ncpuinfo:fPIC=True\ncpuinfo:log_level=default\ncpuinfo:shared=False\ndate:fPIC=True\ndate:header_only=False\ndate:shared=False\ndate:use_system_tz_db=False\ndate:use_tz_db_in_dot=False\neigen:MPL2_only=False\nflatbuffers:fPIC=True\nflatbuffers:header_only=False\nflatbuffers:shared=False\nlibbacktrace:fPIC=True\nlibbacktrace:shared=False\nlibcurl:fPIC=True\nlibcurl:shared=False\nlibcurl:with_brotli=False\nlibcurl:with_c_ares=False\nlibcurl:with_ca_bundle=auto\nlibcurl:with_ca_fallback=False\nlibcurl:with_ca_path=auto\nlibcurl:with_cookies=True\nlibcurl:with_crypto_auth=True\nlibcurl:with_dict=True\nlibcurl:with_docs=False\nlibcurl:with_file=True\nlibcurl:with_ftp=True\nlibcurl:with_gopher=True\nlibcurl:with_http=True\nlibcurl:with_imap=True\nlibcurl:with_ipv6=True\nlibcurl:with_largemaxwritesize=False\nlibcurl:with_ldap=False\nlibcurl:with_libgsasl=False\nlibcurl:with_libidn=False\nlibcurl:with_libpsl=False\nlibcurl:with_librtmp=False\nlibcurl:with_libssh2=False\nlibcurl:with_mqtt=True\nlibcurl:with_nghttp2=False\nlibcurl:with_ntlm=True\nlibcurl:with_ntlm_wb=True\nlibcurl:with_pop3=True\nlibcurl:with_proxy=True\nlibcurl:with_rtsp=True\nlibcurl:with_smb=True\nlibcurl:with_smtp=True\nlibcurl:with_ssl=darwinssl\nlibcurl:with_symbol_hiding=False\nlibcurl:with_telnet=True\nlibcurl:with_tftp=True\nlibcurl:with_threaded_resolver=True\nlibcurl:with_unix_sockets=True\nlibcurl:with_verbose_debug=True\nlibcurl:with_verbose_strings=True\nlibcurl:with_zlib=True\nlibcurl:with_zstd=False\nnsync:fPIC=True\nnsync:shared=False\nonnx:disable_static_registration=True\nonnx:fPIC=True\nonnx:shared=False\nprotobuf:debug_suffix=True\nprotobuf:fPIC=True\nprotobuf:lite=False\nprotobuf:shared=False\nprotobuf:with_rtti=True\nprotobuf:with_zlib=True\nre2:fPIC=True\nre2:shared=False\nre2:with_icu=False\nzlib:fPIC=True\nzlib:shared=False",
    "package_id": "a254a010f70acd9347074f333eb19a470758b9f6",
    "prev": "919c0d4ab0935c2b83f0976cad738911",
    "requires": [
     "3",
     "4",
     "6",
     "8",
     "9",
     "10",
     "11",
     "14",
     "15",
     "1",
     "16",
     "17",
     "18"
    ],
    "context": "host"
   },
   "3": {
    "ref": "abseil/20230125.3#2cb3c46bf2e05dd873e865ec9b16c60e",
    "options": "fPIC=True\nshared=False",
    "package_id": "2f2de4e3345f667bb03ed16a03f45c72c978d397",
    "prev": "f39db278f41cd7495f09cce5115e6334",
    "context": "host"
   },
   "4": {
    "ref": "protobuf/3.21.12#ed2404ae366627005beb2173eab68174",
    "options": "debug_suffix=True\nfPIC=True\nlite=False\nshared=False\nwith_rtti=True\nwith_zlib=True\nzlib:fPIC=True\nzlib:shared=False",
    "package_id": "be2a0a2807bb180398bafcdcd02b31ceea4093ed",
    "prev": "36838f8ba7e1d0d5f5417523b6b282dd",
    "requires": [
     "5"
    ],
    "context": "host"
   },
   "5": {
    "ref": "zlib/1.2.13#e377bee636333ae348d51ca90874e353",
    "options": "fPIC=True\nshared=False",
    "package_id": "240c2182163325b213ca6886a7614c8ed2bf1738",
    "prev": "61c0c42855417ea22c9d6c5860f04ac9",
    "context": "host"
   },
   "6": {
    "ref": "date/3.0.1#7f0bcc583362d49594f71f69226c0e54",
    "options": "fPIC=True\nheader_only=False\nshared=False\nuse_system_tz_db=False\nuse_tz_db_in_dot=False\nlibcurl:fPIC=True\nlibcurl:shared=False\nlibcurl:with_brotli=False\nlibcurl:with_c_ares=False\nlibcurl:with_ca_bundle=auto\nlibcurl:with_ca_fallback=False\nlibcurl:with_ca_path=auto\nlibcurl:with_cookies=True\nlibcurl:with_crypto_auth=True\nlibcurl:with_dict=True\nlibcurl:with_docs=False\nlibcurl:with_file=True\nlibcurl:with_ftp=True\nlibcurl:with_gopher=True\nlibcurl:with_http=True\nlibcurl:with_imap=True\nlibcurl:with_ipv6=True\nlibcurl:with_largemaxwritesize=False\nlibcurl:with_ldap=False\nlibcurl:with_libgsasl=False\nlibcurl:with_libidn=False\nlibcurl:with_libpsl=False\nlibcurl:with_librtmp=False\nlibcurl:with_libssh2=False\nlibcurl:with_mqtt=True\nlibcurl:with_nghttp2=False\nlibcurl:with_ntlm=True\nlibcurl:with_ntlm_wb=True\nlibcurl:with_pop3=True\nlibcurl:with_proxy=True\nlibcurl:with_rtsp=True\nlibcurl:with_smb=True\nlibcurl:with_smtp=True\nlibcurl:with_ssl=darwinssl\nlibcurl:with_symbol_hiding=False\nlibcurl:with_telnet=True\nlibcurl:with_tftp=True\nlibcurl:with_threaded_resolver=True\nlibcurl:with_unix_sockets=True\nlibcurl:with_verbose_debug=True\nlibcurl:with_verbose_strings=True\nlibcurl:with_zlib=True\nlibcurl:with_zstd=False\nzlib:fPIC=True\nzlib:shared=False",
    "package_id": "33916d95da6210bd8de70ffe57e95c68c8983732",
    "prev": "664bbbc43fc1c65ec70e4491b70cc7d9",
    "requires": [
     "7"
    ],
    "context": "host"
   },
   "7": {
    "ref": "libcurl/8.4.0#df6973fc0598ca6ea6a6c2617ca8b3a4",
    "options": "fPIC=True\nshared=False\nwith_brotli=False\nwith_c_ares=False\nwith_ca_bundle=auto\nwith_ca_fallback=False\nwith_ca_path=auto\nwith_cookies=True\nwith_crypto_auth=True\nwith_dict=True\nwith_docs=False\nwith_file=True\nwith_ftp=True\nwith_gopher=True\nwith_http=True\nwith_imap=True\nwith_ipv6=True\nwith_largemaxwritesize=False\nwith_ldap=False\nwith_libgsasl=False\nwith_libidn=False\nwith_libpsl=False\nwith_librtmp=False\nwith_libssh2=False\nwith_mqtt=True\nwith_nghttp2=False\nwith_ntlm=True\nwith_ntlm_wb=True\nwith_pop3=True\nwith_proxy=True\nwith_rtsp=True\nwith_smb=True\nwith_smtp=True\nwith_ssl=darwinssl\nwith_symbol_hiding=False\nwith_telnet=True\nwith_tftp=True\nwith_threaded_resolver=True\nwith_unix_sockets=True\nwith_verbose_debug=True\nwith_verbose_strings=True\nwith_zlib=True\nwith_zstd=False\nzlib:fPIC=True\nzlib:shared=False",
    "package_id": "d699a8117ee89877a5435732a284bd66e73e8db3",
    "prev": "b02c71cff24c514d9371be4cd8959d86",
    "requires": [
     "5"
    ],
    "context": "host"
   },
   "8": {
    "ref": "re2/20230801#5bd19a8dcb1c724a9c741734e098d024",
    "options": "fPIC=True\nshared=False\nwith_icu=False\nabseil:fPIC=True\nabseil:shared=False",
    "package_id": "89057090356509c67c8b93e2281b62f169649ce4",
    "prev": "53ebd29639147bc3ff7154f62a6f32bc",
    "requires": [
     "3"
    ],
    "context": "host"
   },
   "9": {
    "ref": "onnx/1.14.1#df3c45a7112f1b296fc1869751d2b3ec",
    "options": "disable_static_registration=True\nfPIC=True\nshared=False\nprotobuf:debug_suffix=True\nprotobuf:fPIC=True\nprotobuf:lite=False\nprotobuf:shared=False\nprotobuf:with_rtti=True\nprotobuf:with_zlib=True\nzlib:fPIC=True\nzlib:shared=False",
    "package_id": "48f89f03519a83ba9e20c54b894f2541c29e8f5c",
    "prev": "1e6f22e7c1b70fc544aaade193c43344",
    "requires": [
     "4"
    ],
    "context": "host"
   },
   "10": {
    "ref": "flatbuffers/1.12.0#cfc910bbfd211ffccdf3d9fd49513020",
    "options": "fPIC=True\nheader_only=False\nshared=False",
    "package_id": "2f2de4e3345f667bb03ed16a03f45c72c978d397",
    "prev": "3472dbaa64296ec862cce548420ceacc",
    "context": "host"
   },
   "11": {
    "ref": "boost/1.83.0#7825569cd0622461dec7bc87dfdf47ae",
    "options": "addr2line_location=/usr/bin/addr2line\nasio_no_deprecated=False\nbuildid=None\nbzip2=True\ndebug_level=0\ndiagnostic_definitions=False\nerror_code_header_only=False\nextra_b2_flags=None\nfPIC=True\nfilesystem_no_deprecated=False\nfilesystem_use_std_fs=False\nfilesystem_version=None\nheader_only=False\ni18n_backend=deprecated\nlayout=system\nlzma=False\nmagic_autolink=False\nmultithreading=True\nnamespace=boost\nnamespace_alias=False\npch=True\npython_executable=None\npython_version=None\nsegmented_stacks=False\nshared=False\nsystem_no_deprecated=False\nsystem_use_utf8=False\nvisibility=hidden\nwith_stacktrace_backtrace=True\nwithout_atomic=False\nwithout_chrono=False\nwithout_container=False\nwithout_context=False\nwithout_contract=False\nwithout_coroutine=False\nwithout_date_time=False\nwithout_exception=False\nwithout_fiber=True\nwithout_filesystem=False\nwithout_graph=True\nwithout_graph_parallel=True\nwithout_iostreams=False\nwithout_json=True\nwithout_locale=True\nwithout_log=False\nwithout_math=True\nwithout_mpi=True\nwithout_nowide=True\nwithout_program_options=False\nwithout_python=True\nwithout_random=False\nwithout_regex=False\nwithout_serialization=False\nwithout_stacktrace=False\nwithout_system=False\nwithout_test=False\nwithout_thread=False\nwithout_timer=False\nwithout_type_erasure=False\nwithout_url=True\nwithout_wave=True\nzlib=True\nzstd=False\nbzip2:build_executable=True\nbzip2:fPIC=True\nbzip2:shared=False\nlibbacktrace:fPIC=True\nlibbacktrace:shared=False\nzlib:fPIC=True\nzlib:shared=False",
    "package_id": "dd7f5f958c7381cfd81e611a16062de0c827160a",
    "prev": "7298c5f1e149a25f1760f7b8869cce4f",
    "requires": [
     "5",
     "12",
     "13"
    ],
    "context": "host"
   },
   "12": {
    "ref": "bzip2/1.0.8#411fc05e80d47a89045edc1ee6f23c1d",
    "options": "build_executable=True\nfPIC=True\nshared=False",
    "package_id": "238a93dc813ca1550968399f1f8925565feeff8e",
    "prev": "0b635955d0d85df3e1a88235210b105a",
    "context": "host"
   },
   "13": {
    "ref": "libbacktrace/cci.20210118#ec1aa63bbc10145c6a299e68e711670c",
    "options": "fPIC=True\nshared=False",
    "package_id": "240c2182163325b213ca6886a7614c8ed2bf1738",
    "prev": "d96d7cbc99a4f19bfb9cfae173fc917e",
    "context": "host"
   },
   "14": {
    "ref": "safeint/3.0.28#2866d897bcf43472f5d3a9466dceb9c8",
    "options": "",
    "package_id": "5ab84d6acfe1f23c4fae0ab88f26e3a396351ac9",
    "prev": "61dade6b1a6b3435169caceb4f88a5d3",
    "context": "host"
   },
   "15": {
    "ref": "nlohmann_json/3.11.2#1ded6ae5d200a68ac17c51d528b945e2",
    "options": "",
    "package_id": "5ab84d6acfe1f23c4fae0ab88f26e3a396351ac9",
    "prev": "108fb53716eaf6cf0569973be8e1fe01",
    "context": "host"
   },
   "16": {
    "ref": "ms-gsl/4.0.0#60ed7b1ae7ff8fbfe0bf9a1c1f0443a8",
    "options": "",
    "package_id": "5ab84d6acfe1f23c4fae0ab88f26e3a396351ac9",
    "prev": "df318620775f15ce339dc1f1b89a12d7",
    "context": "host"
   },
   "17": {
    "ref": "cpuinfo/cci.20220618#b0c73a828eb61bb1aab8c17d431a57e0",
    "options": "fPIC=True\nlog_level=default\nshared=False",
    "package_id": "2ce689326568bd3a5257168c238ca5487c40c13f",
    "prev": "f0a65262fbd3df443750fd22d30ad46e",
    "context": "host"
   },
   "18": {
    "ref": "nsync/1.26.0#6c52e965ead375eddbe5e337b3966cf2",
    "options": "fPIC=True\nshared=False",
    "package_id": "2f2de4e3345f667bb03ed16a03f45c72c978d397",
    "prev": "a467a0b9c9ce59ea09c9776139099ae6",
    "context": "host"
   }
  },
  "revisions_enabled": true
 },
 "version": "0.4",
 "profile_host": "[settings]\narch=armv8\narch_build=armv8\nbuild_type=Release\ncompiler=apple-clang\ncompiler.libcxx=libc++\ncompiler.version=14\nos=Macos\nos_build=Macos\n[options]\nbuildProject=False\nclean=True\nopNav=False\npathToExternalModules=/Users/julio/Desktop/basilisk/External\nvizInterface=False\n[build_requires]\n[env]\n"
}